{
  "version": 4,
  "terraform_version": "1.7.4",
  "serial": 8,
  "lineage": "89711c7b-0fa3-4553-39c5-f9e4c9f14bc5",
  "outputs": {},
  "resources": [
    {
      "mode": "data",
      "type": "archive_file",
      "name": "zip_python_code",
      "provider": "provider[\"registry.terraform.io/hashicorp/archive\"]",
      "instances": [
        {
          "schema_version": 0,
          "attributes": {
            "exclude_symlink_directories": null,
            "excludes": null,
            "id": "503e81d1a2b868dd54f1652254800f0b6a78b1d6",
            "output_base64sha256": "f1BYESx2bIVwV0rUsSz9eLSM8/hNLfpheCd6KAvkxb4=",
            "output_base64sha512": "5C+I21g/kzh+gwlUyHypQiZxXDMGS/40DSldnK7Wt+Vr+CxZQT9/Ty3JICRUPwaPDKId0/ApijezwcibSNKrDA==",
            "output_file_mode": null,
            "output_md5": "833f6f1d29aeefd716ded36ac3823e77",
            "output_path": "./lambda/counter.zip",
            "output_sha": "503e81d1a2b868dd54f1652254800f0b6a78b1d6",
            "output_sha256": "7f5058112c766c8570574ad4b12cfd78b48cf3f84d2dfa6178277a280be4c5be",
            "output_sha512": "e42f88db583f93387e830954c87ca94226715c33064bfe340d295d9caed6b7e56bf82c59413f7f4f2dc92024543f068f0ca21dd3f0298a37b3c1c89b48d2ab0c",
            "output_size": 452,
            "source": [],
            "source_content": null,
            "source_content_filename": null,
            "source_dir": null,
            "source_file": "./lambda/counter.py",
            "type": "zip"
          },
          "sensitive_attributes": []
        }
      ]
    },
    {
      "mode": "managed",
      "type": "aws_iam_policy",
      "name": "iam_policy_for_dynamodb",
      "provider": "provider[\"registry.terraform.io/hashicorp/aws\"]",
      "instances": [
        {
          "schema_version": 0,
          "attributes": {
            "arn": "arn:aws:iam::856359718185:policy/aws_iam_policy_for_terraform_aws_dynamodb",
            "description": "AWS IAM Policy for managing dynamoDB access",
            "id": "arn:aws:iam::856359718185:policy/aws_iam_policy_for_terraform_aws_dynamodb",
            "name": "aws_iam_policy_for_terraform_aws_dynamodb",
            "name_prefix": "",
            "path": "/",
            "policy": "{\"Statement\":[{\"Action\":[\"dynamodb:PutItem\",\"dynamodb:GetItem\",\"dynamodb:ListTables\"],\"Effect\":\"Allow\",\"Resource\":[\"arn:aws:dynamodb:eu-west-2:856359718185:table/terraform_counter\"],\"Sid\":\"Statement1\"}],\"Version\":\"2012-10-17\"}",
            "policy_id": "ANPA4OYYEJUU5FBUSQNL5",
            "tags": null,
            "tags_all": {}
          },
          "sensitive_attributes": [],
          "private": "bnVsbA=="
        }
      ]
    },
    {
      "mode": "managed",
      "type": "aws_iam_policy",
      "name": "iam_policy_for_lambda",
      "provider": "provider[\"registry.terraform.io/hashicorp/aws\"]",
      "instances": [
        {
          "schema_version": 0,
          "attributes": {
            "arn": "arn:aws:iam::856359718185:policy/aws_iam_policy_for_terraform_aws_lambda_role",
            "description": "AWS IAM Policy for managing aws lambda role",
            "id": "arn:aws:iam::856359718185:policy/aws_iam_policy_for_terraform_aws_lambda_role",
            "name": "aws_iam_policy_for_terraform_aws_lambda_role",
            "name_prefix": "",
            "path": "/",
            "policy": "{\"Statement\":[{\"Action\":[\"logs:CreateLogGroup\",\"logs:CreateLogStream\",\"logs:PutLogEvents\"],\"Effect\":\"Allow\",\"Resource\":\"arn:aws:logs:*:*:*\"}],\"Version\":\"2012-10-17\"}",
            "policy_id": "ANPA4OYYEJUU2IFLHILTO",
            "tags": {},
            "tags_all": {}
          },
          "sensitive_attributes": [],
          "private": "bnVsbA=="
        }
      ]
    },
    {
      "mode": "managed",
      "type": "aws_iam_role",
      "name": "lambda_role",
      "provider": "provider[\"registry.terraform.io/hashicorp/aws\"]",
      "instances": [
        {
          "schema_version": 0,
          "attributes": {
            "arn": "arn:aws:iam::856359718185:role/terraform_aws_lambda_role",
            "assume_role_policy": "{\"Statement\":[{\"Action\":\"sts:AssumeRole\",\"Effect\":\"Allow\",\"Principal\":{\"Service\":\"lambda.amazonaws.com\"},\"Sid\":\"\"}],\"Version\":\"2012-10-17\"}",
            "create_date": "2024-04-07T17:24:20Z",
            "description": "",
            "force_detach_policies": false,
            "id": "terraform_aws_lambda_role",
            "inline_policy": [],
            "managed_policy_arns": [
              "arn:aws:iam::856359718185:policy/aws_iam_policy_for_terraform_aws_lambda_role"
            ],
            "max_session_duration": 3600,
            "name": "terraform_aws_lambda_role",
            "name_prefix": "",
            "path": "/",
            "permissions_boundary": "",
            "tags": {},
            "tags_all": {},
            "unique_id": "AROA4OYYEJUU47EBJVT7L"
          },
          "sensitive_attributes": [],
          "private": "bnVsbA=="
        }
      ]
    },
    {
      "mode": "managed",
      "type": "aws_iam_role_policy_attachment",
      "name": "attach_iam_policy_to_iam_role",
      "provider": "provider[\"registry.terraform.io/hashicorp/aws\"]",
      "instances": [
        {
          "schema_version": 0,
          "attributes": {
            "id": "terraform_aws_lambda_role-20240407172420600500000001",
            "policy_arn": "arn:aws:iam::856359718185:policy/aws_iam_policy_for_terraform_aws_lambda_role",
            "role": "terraform_aws_lambda_role"
          },
          "sensitive_attributes": [],
          "private": "bnVsbA==",
          "dependencies": [
            "aws_iam_policy.iam_policy_for_lambda",
            "aws_iam_role.lambda_role"
          ]
        }
      ]
    },
    {
      "mode": "managed",
      "type": "aws_iam_role_policy_attachment",
      "name": "attach_iam_policy_to_iam_role_for_dynamodb",
      "provider": "provider[\"registry.terraform.io/hashicorp/aws\"]",
      "instances": [
        {
          "schema_version": 0,
          "attributes": {
            "id": "terraform_aws_lambda_role-20240407183530997600000001",
            "policy_arn": "arn:aws:iam::856359718185:policy/aws_iam_policy_for_terraform_aws_dynamodb",
            "role": "terraform_aws_lambda_role"
          },
          "sensitive_attributes": [],
          "private": "bnVsbA==",
          "dependencies": [
            "aws_iam_policy.iam_policy_for_dynamodb",
            "aws_iam_role.lambda_role"
          ]
        }
      ]
    },
    {
      "mode": "managed",
      "type": "aws_lambda_function",
      "name": "counter",
      "provider": "provider[\"registry.terraform.io/hashicorp/aws\"]",
      "instances": [
        {
          "schema_version": 0,
          "attributes": {
            "architectures": [
              "x86_64"
            ],
            "arn": "arn:aws:lambda:eu-west-2:856359718185:function:terraform_counter",
            "code_signing_config_arn": "",
            "dead_letter_config": [],
            "description": "",
            "environment": [],
            "ephemeral_storage": [
              {
                "size": 512
              }
            ],
            "file_system_config": [],
            "filename": "./lambda/counter.zip",
            "function_name": "terraform_counter",
            "handler": "counter.lambda_handler",
            "id": "terraform_counter",
            "image_config": [],
            "image_uri": "",
            "invoke_arn": "arn:aws:apigateway:eu-west-2:lambda:path/2015-03-31/functions/arn:aws:lambda:eu-west-2:856359718185:function:terraform_counter/invocations",
            "kms_key_arn": "",
            "last_modified": "2024-04-07T17:24:28.728+0000",
            "layers": [],
            "logging_config": [
              {
                "application_log_level": "",
                "log_format": "Text",
                "log_group": "/aws/lambda/terraform_counter",
                "system_log_level": ""
              }
            ],
            "memory_size": 128,
            "package_type": "Zip",
            "publish": false,
            "qualified_arn": "arn:aws:lambda:eu-west-2:856359718185:function:terraform_counter:$LATEST",
            "qualified_invoke_arn": "arn:aws:apigateway:eu-west-2:lambda:path/2015-03-31/functions/arn:aws:lambda:eu-west-2:856359718185:function:terraform_counter:$LATEST/invocations",
            "replace_security_groups_on_destroy": null,
            "replacement_security_group_ids": null,
            "reserved_concurrent_executions": -1,
            "role": "arn:aws:iam::856359718185:role/terraform_aws_lambda_role",
            "runtime": "python3.11",
            "s3_bucket": null,
            "s3_key": null,
            "s3_object_version": null,
            "signing_job_arn": "",
            "signing_profile_version_arn": "",
            "skip_destroy": false,
            "snap_start": [],
            "source_code_hash": "f1BYESx2bIVwV0rUsSz9eLSM8/hNLfpheCd6KAvkxb4=",
            "source_code_size": 452,
            "tags": {},
            "tags_all": {},
            "timeout": 3,
            "timeouts": null,
            "tracing_config": [
              {
                "mode": "PassThrough"
              }
            ],
            "version": "$LATEST",
            "vpc_config": []
          },
          "sensitive_attributes": [],
          "private": "eyJlMmJmYjczMC1lY2FhLTExZTYtOGY4OC0zNDM2M2JjN2M0YzAiOnsiY3JlYXRlIjo2MDAwMDAwMDAwMDAsImRlbGV0ZSI6NjAwMDAwMDAwMDAwLCJ1cGRhdGUiOjYwMDAwMDAwMDAwMH19",
          "dependencies": [
            "aws_iam_policy.iam_policy_for_lambda",
            "aws_iam_role.lambda_role",
            "aws_iam_role_policy_attachment.attach_iam_policy_to_iam_role"
          ]
        }
      ]
    }
  ],
  "check_results": null
}
